
Microsoft Visual Studio Solution File, Format Version 12.00
# Visual Studio Version 18
VisualStudioVersion = 18.3.11527.330
MinimumVisualStudioVersion = 10.0.40219.1
Project("{2150E333-8FDC-42A3-9474-1A3956D46DE8}") = "src", "src", "{5C497DA0-0547-49CE-8DBD-286C6A99A1F9}"
EndProject
Project("{2150E333-8FDC-42A3-9474-1A3956D46DE8}") = "tests", "tests", "{B635D266-25F5-4F25-81AA-F2AEF9D5FB78}"
EndProject
Project("{2150E333-8FDC-42A3-9474-1A3956D46DE8}") = "_solution items", "_solution items", "{11E8450F-30E9-4011-AFEE-C138E1F87B6E}"
	ProjectSection(SolutionItems) = preProject
		.editorconfig = .editorconfig
		Directory.Build.props = Directory.Build.props
	EndProjectSection
EndProject
Project("{FAE04EC0-301F-11D3-BF4B-00C04F79EFBC}") = "Cike.Workflow.Domain", "src\Cike.Workflow.Domain\Cike.Workflow.Domain.csproj", "{F1FAE98C-634A-4130-A205-E09B3EE0DB43}"
EndProject
Project("{FAE04EC0-301F-11D3-BF4B-00C04F79EFBC}") = "Cike.Workflow.Domain.Shared", "src\Cike.Workflow.Domain.Shared\Cike.Workflow.Domain.Shared.csproj", "{CE041E8E-E3F9-4A80-AA5A-9C36D6B0A033}"
EndProject
Project("{FAE04EC0-301F-11D3-BF4B-00C04F79EFBC}") = "Cike.Workflow.EntityFrameworkCore", "src\Cike.Workflow.EntityFrameworkCore\Cike.Workflow.EntityFrameworkCore.csproj", "{C3182169-AB4F-4A2B-A7AD-5AC417686A86}"
EndProject
Project("{FAE04EC0-301F-11D3-BF4B-00C04F79EFBC}") = "Cike.Workflow.Application", "src\Cike.Workflow.Application\Cike.Workflow.Application.csproj", "{815343D9-A34B-4742-9306-D29F915A7F04}"
EndProject
Project("{FAE04EC0-301F-11D3-BF4B-00C04F79EFBC}") = "Cike.Workflow.Service.Open", "src\Cike.Workflow.Service.Open\Cike.Workflow.Service.Open.csproj", "{4E14879A-E448-4C1D-9F20-DBAD443D5D6E}"
EndProject
Project("{FAE04EC0-301F-11D3-BF4B-00C04F79EFBC}") = "Cike.Workflow.Application.Contracts", "src\Cike.Workflow.Application.Contracts\Cike.Workflow.Application.Contracts.csproj", "{8492FF6B-365D-4B73-A500-A92A4FCA5BCC}"
EndProject
Project("{FAE04EC0-301F-11D3-BF4B-00C04F79EFBC}") = "Cike.Workflow.Service.Open.Tests", "tests\Cike.Workflow.Service.Open.Tests\Cike.Workflow.Service.Open.Tests.csproj", "{559D083C-0EDC-46EC-BA27-A7B6EA560362}"
EndProject
Project("{FAE04EC0-301F-11D3-BF4B-00C04F79EFBC}") = "Cike.Workflow.Core", "src\Cike.Workflow.Core\Cike.Workflow.Core.csproj", "{CABEB50D-CD66-437E-A8AD-2351A490CB6B}"
EndProject
Project("{FAE04EC0-301F-11D3-BF4B-00C04F79EFBC}") = "Cike.Workflow.Expressions", "src\Cike.Workflow.Expression\Cike.Workflow.Expressions.csproj", "{5D53BB8E-F642-4561-804B-AFFFE5564DF8}"
EndProject
Project("{2150E333-8FDC-42A3-9474-1A3956D46DE8}") = "expressions", "expressions", "{4625C476-D8A3-464A-B823-61799D357D30}"
EndProject
Project("{FAE04EC0-301F-11D3-BF4B-00C04F79EFBC}") = "Cike.Workflow.Common", "src\Cike.Workflow.Common\Cike.Workflow.Common.csproj", "{01B03B00-9743-440F-A043-4F62C77C94D9}"
EndProject
Project("{FAE04EC0-301F-11D3-BF4B-00C04F79EFBC}") = "Cike.Workflow.Core.Tests", "tests\Cike.Workflow.Core.Tests\Cike.Workflow.Core.Tests.csproj", "{8F281CAE-2F0C-4039-9956-B24EB90D85DD}"
EndProject
Project("{FAE04EC0-301F-11D3-BF4B-00C04F79EFBC}") = "Cike.Workflow.Caching", "src\Cike.Workflow.Caching\Cike.Workflow.Caching.csproj", "{57E53FD9-955E-4B17-AC6A-F89168BBC338}"
EndProject
Project("{FAE04EC0-301F-11D3-BF4B-00C04F79EFBC}") = "Cike.Workflow.EntityFrameworkCore.Tests", "tests\Cike.Workflow.EntityFrameworkCore.Tests\Cike.Workflow.EntityFrameworkCore.Tests.csproj", "{F4F3ABC7-E137-47F3-ABBE-F98E2DBEF91C}"
EndProject
Project("{FAE04EC0-301F-11D3-BF4B-00C04F79EFBC}") = "Cike.Workflow.Runtime", "src\Cike.Workflow.Runtime\Cike.Workflow.Runtime.csproj", "{C68BD6F6-B988-4054-87E3-47EF26EF0E79}"
EndProject
Project("{FAE04EC0-301F-11D3-BF4B-00C04F79EFBC}") = "Cike.Workflow.Expression.Javascript", "src\Cike.Workflow.Expression.Javascript\Cike.Workflow.Expression.Javascript.csproj", "{F146A8DD-450C-4256-BDFE-C0DA5459FB90}"
EndProject
Project("{FAE04EC0-301F-11D3-BF4B-00C04F79EFBC}") = "Cike.Workflow.Expression.Liquid", "src\Cike.Workflow.Expression.Liquid\Cike.Workflow.Expression.Liquid.csproj", "{B3703F0F-9342-48D4-8DE5-10F1DB77D812}"
EndProject
Project("{FAE04EC0-301F-11D3-BF4B-00C04F79EFBC}") = "Cike.Workflow.Http", "src\Cike.Workflow.Http\Cike.Workflow.Http.csproj", "{3872D2F7-95B2-4878-A623-B059A9BB33E4}"
EndProject
Project("{2150E333-8FDC-42A3-9474-1A3956D46DE8}") = "modules", "modules", "{922CD1C0-F547-4CFF-897E-F7A05730D687}"
EndProject
Project("{2150E333-8FDC-42A3-9474-1A3956D46DE8}") = "common", "common", "{9F1ABC28-E158-4F6D-9131-0E5D107F709B}"
EndProject
Project("{FAE04EC0-301F-11D3-BF4B-00C04F79EFBC}") = "Cike.Workflow.Realtime", "src\Cike.Workflow.Realtime\Cike.Workflow.Realtime.csproj", "{310078DA-2301-465D-A698-01C802099EDA}"
EndProject
Project("{FAE04EC0-301F-11D3-BF4B-00C04F79EFBC}") = "Cike.Workflow.Realtime.Tests", "tests\Cike.Workflow.Realtime.Tests\Cike.Workflow.Realtime.Tests.csproj", "{CF0A286F-4C63-43AA-8D8F-C79245EFB7BF}"
EndProject
Global
	GlobalSection(SolutionConfigurationPlatforms) = preSolution
		Debug|Any CPU = Debug|Any CPU
		Debug|x64 = Debug|x64
		Debug|x86 = Debug|x86
		Release|Any CPU = Release|Any CPU
		Release|x64 = Release|x64
		Release|x86 = Release|x86
	EndGlobalSection
	GlobalSection(ProjectConfigurationPlatforms) = postSolution
		{F1FAE98C-634A-4130-A205-E09B3EE0DB43}.Debug|Any CPU.ActiveCfg = Debug|Any CPU
		{F1FAE98C-634A-4130-A205-E09B3EE0DB43}.Debug|Any CPU.Build.0 = Debug|Any CPU
		{F1FAE98C-634A-4130-A205-E09B3EE0DB43}.Debug|x64.ActiveCfg = Debug|Any CPU
		{F1FAE98C-634A-4130-A205-E09B3EE0DB43}.Debug|x64.Build.0 = Debug|Any CPU
		{F1FAE98C-634A-4130-A205-E09B3EE0DB43}.Debug|x86.ActiveCfg = Debug|Any CPU
		{F1FAE98C-634A-4130-A205-E09B3EE0DB43}.Debug|x86.Build.0 = Debug|Any CPU
		{F1FAE98C-634A-4130-A205-E09B3EE0DB43}.Release|Any CPU.ActiveCfg = Release|Any CPU
		{F1FAE98C-634A-4130-A205-E09B3EE0DB43}.Release|Any CPU.Build.0 = Release|Any CPU
		{F1FAE98C-634A-4130-A205-E09B3EE0DB43}.Release|x64.ActiveCfg = Release|Any CPU
		{F1FAE98C-634A-4130-A205-E09B3EE0DB43}.Release|x64.Build.0 = Release|Any CPU
		{F1FAE98C-634A-4130-A205-E09B3EE0DB43}.Release|x86.ActiveCfg = Release|Any CPU
		{F1FAE98C-634A-4130-A205-E09B3EE0DB43}.Release|x86.Build.0 = Release|Any CPU
		{CE041E8E-E3F9-4A80-AA5A-9C36D6B0A033}.Debug|Any CPU.ActiveCfg = Debug|Any CPU
		{CE041E8E-E3F9-4A80-AA5A-9C36D6B0A033}.Debug|Any CPU.Build.0 = Debug|Any CPU
		{CE041E8E-E3F9-4A80-AA5A-9C36D6B0A033}.Debug|x64.ActiveCfg = Debug|Any CPU
		{CE041E8E-E3F9-4A80-AA5A-9C36D6B0A033}.Debug|x64.Build.0 = Debug|Any CPU
		{CE041E8E-E3F9-4A80-AA5A-9C36D6B0A033}.Debug|x86.ActiveCfg = Debug|Any CPU
		{CE041E8E-E3F9-4A80-AA5A-9C36D6B0A033}.Debug|x86.Build.0 = Debug|Any CPU
		{CE041E8E-E3F9-4A80-AA5A-9C36D6B0A033}.Release|Any CPU.ActiveCfg = Release|Any CPU
		{CE041E8E-E3F9-4A80-AA5A-9C36D6B0A033}.Release|Any CPU.Build.0 = Release|Any CPU
		{CE041E8E-E3F9-4A80-AA5A-9C36D6B0A033}.Release|x64.ActiveCfg = Release|Any CPU
		{CE041E8E-E3F9-4A80-AA5A-9C36D6B0A033}.Release|x64.Build.0 = Release|Any CPU
		{CE041E8E-E3F9-4A80-AA5A-9C36D6B0A033}.Release|x86.ActiveCfg = Release|Any CPU
		{CE041E8E-E3F9-4A80-AA5A-9C36D6B0A033}.Release|x86.Build.0 = Release|Any CPU
		{C3182169-AB4F-4A2B-A7AD-5AC417686A86}.Debug|Any CPU.ActiveCfg = Debug|Any CPU
		{C3182169-AB4F-4A2B-A7AD-5AC417686A86}.Debug|Any CPU.Build.0 = Debug|Any CPU
		{C3182169-AB4F-4A2B-A7AD-5AC417686A86}.Debug|x64.ActiveCfg = Debug|Any CPU
		{C3182169-AB4F-4A2B-A7AD-5AC417686A86}.Debug|x64.Build.0 = Debug|Any CPU
		{C3182169-AB4F-4A2B-A7AD-5AC417686A86}.Debug|x86.ActiveCfg = Debug|Any CPU
		{C3182169-AB4F-4A2B-A7AD-5AC417686A86}.Debug|x86.Build.0 = Debug|Any CPU
		{C3182169-AB4F-4A2B-A7AD-5AC417686A86}.Release|Any CPU.ActiveCfg = Release|Any CPU
		{C3182169-AB4F-4A2B-A7AD-5AC417686A86}.Release|Any CPU.Build.0 = Release|Any CPU
		{C3182169-AB4F-4A2B-A7AD-5AC417686A86}.Release|x64.ActiveCfg = Release|Any CPU
		{C3182169-AB4F-4A2B-A7AD-5AC417686A86}.Release|x64.Build.0 = Release|Any CPU
		{C3182169-AB4F-4A2B-A7AD-5AC417686A86}.Release|x86.ActiveCfg = Release|Any CPU
		{C3182169-AB4F-4A2B-A7AD-5AC417686A86}.Release|x86.Build.0 = Release|Any CPU
		{815343D9-A34B-4742-9306-D29F915A7F04}.Debug|Any CPU.ActiveCfg = Debug|Any CPU
		{815343D9-A34B-4742-9306-D29F915A7F04}.Debug|Any CPU.Build.0 = Debug|Any CPU
		{815343D9-A34B-4742-9306-D29F915A7F04}.Debug|x64.ActiveCfg = Debug|Any CPU
		{815343D9-A34B-4742-9306-D29F915A7F04}.Debug|x64.Build.0 = Debug|Any CPU
		{815343D9-A34B-4742-9306-D29F915A7F04}.Debug|x86.ActiveCfg = Debug|Any CPU
		{815343D9-A34B-4742-9306-D29F915A7F04}.Debug|x86.Build.0 = Debug|Any CPU
		{815343D9-A34B-4742-9306-D29F915A7F04}.Release|Any CPU.ActiveCfg = Release|Any CPU
		{815343D9-A34B-4742-9306-D29F915A7F04}.Release|Any CPU.Build.0 = Release|Any CPU
		{815343D9-A34B-4742-9306-D29F915A7F04}.Release|x64.ActiveCfg = Release|Any CPU
		{815343D9-A34B-4742-9306-D29F915A7F04}.Release|x64.Build.0 = Release|Any CPU
		{815343D9-A34B-4742-9306-D29F915A7F04}.Release|x86.ActiveCfg = Release|Any CPU
		{815343D9-A34B-4742-9306-D29F915A7F04}.Release|x86.Build.0 = Release|Any CPU
		{4E14879A-E448-4C1D-9F20-DBAD443D5D6E}.Debug|Any CPU.ActiveCfg = Debug|Any CPU
		{4E14879A-E448-4C1D-9F20-DBAD443D5D6E}.Debug|Any CPU.Build.0 = Debug|Any CPU
		{4E14879A-E448-4C1D-9F20-DBAD443D5D6E}.Debug|x64.ActiveCfg = Debug|Any CPU
		{4E14879A-E448-4C1D-9F20-DBAD443D5D6E}.Debug|x64.Build.0 = Debug|Any CPU
		{4E14879A-E448-4C1D-9F20-DBAD443D5D6E}.Debug|x86.ActiveCfg = Debug|Any CPU
		{4E14879A-E448-4C1D-9F20-DBAD443D5D6E}.Debug|x86.Build.0 = Debug|Any CPU
		{4E14879A-E448-4C1D-9F20-DBAD443D5D6E}.Release|Any CPU.ActiveCfg = Release|Any CPU
		{4E14879A-E448-4C1D-9F20-DBAD443D5D6E}.Release|Any CPU.Build.0 = Release|Any CPU
		{4E14879A-E448-4C1D-9F20-DBAD443D5D6E}.Release|x64.ActiveCfg = Release|Any CPU
		{4E14879A-E448-4C1D-9F20-DBAD443D5D6E}.Release|x64.Build.0 = Release|Any CPU
		{4E14879A-E448-4C1D-9F20-DBAD443D5D6E}.Release|x86.ActiveCfg = Release|Any CPU
		{4E14879A-E448-4C1D-9F20-DBAD443D5D6E}.Release|x86.Build.0 = Release|Any CPU
		{8492FF6B-365D-4B73-A500-A92A4FCA5BCC}.Debug|Any CPU.ActiveCfg = Debug|Any CPU
		{8492FF6B-365D-4B73-A500-A92A4FCA5BCC}.Debug|Any CPU.Build.0 = Debug|Any CPU
		{8492FF6B-365D-4B73-A500-A92A4FCA5BCC}.Debug|x64.ActiveCfg = Debug|Any CPU
		{8492FF6B-365D-4B73-A500-A92A4FCA5BCC}.Debug|x64.Build.0 = Debug|Any CPU
		{8492FF6B-365D-4B73-A500-A92A4FCA5BCC}.Debug|x86.ActiveCfg = Debug|Any CPU
		{8492FF6B-365D-4B73-A500-A92A4FCA5BCC}.Debug|x86.Build.0 = Debug|Any CPU
		{8492FF6B-365D-4B73-A500-A92A4FCA5BCC}.Release|Any CPU.ActiveCfg = Release|Any CPU
		{8492FF6B-365D-4B73-A500-A92A4FCA5BCC}.Release|Any CPU.Build.0 = Release|Any CPU
		{8492FF6B-365D-4B73-A500-A92A4FCA5BCC}.Release|x64.ActiveCfg = Release|Any CPU
		{8492FF6B-365D-4B73-A500-A92A4FCA5BCC}.Release|x64.Build.0 = Release|Any CPU
		{8492FF6B-365D-4B73-A500-A92A4FCA5BCC}.Release|x86.ActiveCfg = Release|Any CPU
		{8492FF6B-365D-4B73-A500-A92A4FCA5BCC}.Release|x86.Build.0 = Release|Any CPU
		{559D083C-0EDC-46EC-BA27-A7B6EA560362}.Debug|Any CPU.ActiveCfg = Debug|Any CPU
		{559D083C-0EDC-46EC-BA27-A7B6EA560362}.Debug|Any CPU.Build.0 = Debug|Any CPU
		{559D083C-0EDC-46EC-BA27-A7B6EA560362}.Debug|x64.ActiveCfg = Debug|Any CPU
		{559D083C-0EDC-46EC-BA27-A7B6EA560362}.Debug|x64.Build.0 = Debug|Any CPU
		{559D083C-0EDC-46EC-BA27-A7B6EA560362}.Debug|x86.ActiveCfg = Debug|Any CPU
		{559D083C-0EDC-46EC-BA27-A7B6EA560362}.Debug|x86.Build.0 = Debug|Any CPU
		{559D083C-0EDC-46EC-BA27-A7B6EA560362}.Release|Any CPU.ActiveCfg = Release|Any CPU
		{559D083C-0EDC-46EC-BA27-A7B6EA560362}.Release|Any CPU.Build.0 = Release|Any CPU
		{559D083C-0EDC-46EC-BA27-A7B6EA560362}.Release|x64.ActiveCfg = Release|Any CPU
		{559D083C-0EDC-46EC-BA27-A7B6EA560362}.Release|x64.Build.0 = Release|Any CPU
		{559D083C-0EDC-46EC-BA27-A7B6EA560362}.Release|x86.ActiveCfg = Release|Any CPU
		{559D083C-0EDC-46EC-BA27-A7B6EA560362}.Release|x86.Build.0 = Release|Any CPU
		{CABEB50D-CD66-437E-A8AD-2351A490CB6B}.Debug|Any CPU.ActiveCfg = Debug|Any CPU
		{CABEB50D-CD66-437E-A8AD-2351A490CB6B}.Debug|Any CPU.Build.0 = Debug|Any CPU
		{CABEB50D-CD66-437E-A8AD-2351A490CB6B}.Debug|x64.ActiveCfg = Debug|Any CPU
		{CABEB50D-CD66-437E-A8AD-2351A490CB6B}.Debug|x64.Build.0 = Debug|Any CPU
		{CABEB50D-CD66-437E-A8AD-2351A490CB6B}.Debug|x86.ActiveCfg = Debug|Any CPU
		{CABEB50D-CD66-437E-A8AD-2351A490CB6B}.Debug|x86.Build.0 = Debug|Any CPU
		{CABEB50D-CD66-437E-A8AD-2351A490CB6B}.Release|Any CPU.ActiveCfg = Release|Any CPU
		{CABEB50D-CD66-437E-A8AD-2351A490CB6B}.Release|Any CPU.Build.0 = Release|Any CPU
		{CABEB50D-CD66-437E-A8AD-2351A490CB6B}.Release|x64.ActiveCfg = Release|Any CPU
		{CABEB50D-CD66-437E-A8AD-2351A490CB6B}.Release|x64.Build.0 = Release|Any CPU
		{CABEB50D-CD66-437E-A8AD-2351A490CB6B}.Release|x86.ActiveCfg = Release|Any CPU
		{CABEB50D-CD66-437E-A8AD-2351A490CB6B}.Release|x86.Build.0 = Release|Any CPU
		{5D53BB8E-F642-4561-804B-AFFFE5564DF8}.Debug|Any CPU.ActiveCfg = Debug|Any CPU
		{5D53BB8E-F642-4561-804B-AFFFE5564DF8}.Debug|Any CPU.Build.0 = Debug|Any CPU
		{5D53BB8E-F642-4561-804B-AFFFE5564DF8}.Debug|x64.ActiveCfg = Debug|Any CPU
		{5D53BB8E-F642-4561-804B-AFFFE5564DF8}.Debug|x64.Build.0 = Debug|Any CPU
		{5D53BB8E-F642-4561-804B-AFFFE5564DF8}.Debug|x86.ActiveCfg = Debug|Any CPU
		{5D53BB8E-F642-4561-804B-AFFFE5564DF8}.Debug|x86.Build.0 = Debug|Any CPU
		{5D53BB8E-F642-4561-804B-AFFFE5564DF8}.Release|Any CPU.ActiveCfg = Release|Any CPU
		{5D53BB8E-F642-4561-804B-AFFFE5564DF8}.Release|Any CPU.Build.0 = Release|Any CPU
		{5D53BB8E-F642-4561-804B-AFFFE5564DF8}.Release|x64.ActiveCfg = Release|Any CPU
		{5D53BB8E-F642-4561-804B-AFFFE5564DF8}.Release|x64.Build.0 = Release|Any CPU
		{5D53BB8E-F642-4561-804B-AFFFE5564DF8}.Release|x86.ActiveCfg = Release|Any CPU
		{5D53BB8E-F642-4561-804B-AFFFE5564DF8}.Release|x86.Build.0 = Release|Any CPU
		{01B03B00-9743-440F-A043-4F62C77C94D9}.Debug|Any CPU.ActiveCfg = Debug|Any CPU
		{01B03B00-9743-440F-A043-4F62C77C94D9}.Debug|Any CPU.Build.0 = Debug|Any CPU
		{01B03B00-9743-440F-A043-4F62C77C94D9}.Debug|x64.ActiveCfg = Debug|Any CPU
		{01B03B00-9743-440F-A043-4F62C77C94D9}.Debug|x64.Build.0 = Debug|Any CPU
		{01B03B00-9743-440F-A043-4F62C77C94D9}.Debug|x86.ActiveCfg = Debug|Any CPU
		{01B03B00-9743-440F-A043-4F62C77C94D9}.Debug|x86.Build.0 = Debug|Any CPU
		{01B03B00-9743-440F-A043-4F62C77C94D9}.Release|Any CPU.ActiveCfg = Release|Any CPU
		{01B03B00-9743-440F-A043-4F62C77C94D9}.Release|Any CPU.Build.0 = Release|Any CPU
		{01B03B00-9743-440F-A043-4F62C77C94D9}.Release|x64.ActiveCfg = Release|Any CPU
		{01B03B00-9743-440F-A043-4F62C77C94D9}.Release|x64.Build.0 = Release|Any CPU
		{01B03B00-9743-440F-A043-4F62C77C94D9}.Release|x86.ActiveCfg = Release|Any CPU
		{01B03B00-9743-440F-A043-4F62C77C94D9}.Release|x86.Build.0 = Release|Any CPU
		{8F281CAE-2F0C-4039-9956-B24EB90D85DD}.Debug|Any CPU.ActiveCfg = Debug|Any CPU
		{8F281CAE-2F0C-4039-9956-B24EB90D85DD}.Debug|Any CPU.Build.0 = Debug|Any CPU
		{8F281CAE-2F0C-4039-9956-B24EB90D85DD}.Debug|x64.ActiveCfg = Debug|Any CPU
		{8F281CAE-2F0C-4039-9956-B24EB90D85DD}.Debug|x64.Build.0 = Debug|Any CPU
		{8F281CAE-2F0C-4039-9956-B24EB90D85DD}.Debug|x86.ActiveCfg = Debug|Any CPU
		{8F281CAE-2F0C-4039-9956-B24EB90D85DD}.Debug|x86.Build.0 = Debug|Any CPU
		{8F281CAE-2F0C-4039-9956-B24EB90D85DD}.Release|Any CPU.ActiveCfg = Release|Any CPU
		{8F281CAE-2F0C-4039-9956-B24EB90D85DD}.Release|Any CPU.Build.0 = Release|Any CPU
		{8F281CAE-2F0C-4039-9956-B24EB90D85DD}.Release|x64.ActiveCfg = Release|Any CPU
		{8F281CAE-2F0C-4039-9956-B24EB90D85DD}.Release|x64.Build.0 = Release|Any CPU
		{8F281CAE-2F0C-4039-9956-B24EB90D85DD}.Release|x86.ActiveCfg = Release|Any CPU
		{8F281CAE-2F0C-4039-9956-B24EB90D85DD}.Release|x86.Build.0 = Release|Any CPU
		{57E53FD9-955E-4B17-AC6A-F89168BBC338}.Debug|Any CPU.ActiveCfg = Debug|Any CPU
		{57E53FD9-955E-4B17-AC6A-F89168BBC338}.Debug|Any CPU.Build.0 = Debug|Any CPU
		{57E53FD9-955E-4B17-AC6A-F89168BBC338}.Debug|x64.ActiveCfg = Debug|Any CPU
		{57E53FD9-955E-4B17-AC6A-F89168BBC338}.Debug|x64.Build.0 = Debug|Any CPU
		{57E53FD9-955E-4B17-AC6A-F89168BBC338}.Debug|x86.ActiveCfg = Debug|Any CPU
		{57E53FD9-955E-4B17-AC6A-F89168BBC338}.Debug|x86.Build.0 = Debug|Any CPU
		{57E53FD9-955E-4B17-AC6A-F89168BBC338}.Release|Any CPU.ActiveCfg = Release|Any CPU
		{57E53FD9-955E-4B17-AC6A-F89168BBC338}.Release|Any CPU.Build.0 = Release|Any CPU
		{57E53FD9-955E-4B17-AC6A-F89168BBC338}.Release|x64.ActiveCfg = Release|Any CPU
		{57E53FD9-955E-4B17-AC6A-F89168BBC338}.Release|x64.Build.0 = Release|Any CPU
		{57E53FD9-955E-4B17-AC6A-F89168BBC338}.Release|x86.ActiveCfg = Release|Any CPU
		{57E53FD9-955E-4B17-AC6A-F89168BBC338}.Release|x86.Build.0 = Release|Any CPU
		{F4F3ABC7-E137-47F3-ABBE-F98E2DBEF91C}.Debug|Any CPU.ActiveCfg = Debug|Any CPU
		{F4F3ABC7-E137-47F3-ABBE-F98E2DBEF91C}.Debug|Any CPU.Build.0 = Debug|Any CPU
		{F4F3ABC7-E137-47F3-ABBE-F98E2DBEF91C}.Debug|x64.ActiveCfg = Debug|Any CPU
		{F4F3ABC7-E137-47F3-ABBE-F98E2DBEF91C}.Debug|x64.Build.0 = Debug|Any CPU
		{F4F3ABC7-E137-47F3-ABBE-F98E2DBEF91C}.Debug|x86.ActiveCfg = Debug|Any CPU
		{F4F3ABC7-E137-47F3-ABBE-F98E2DBEF91C}.Debug|x86.Build.0 = Debug|Any CPU
		{F4F3ABC7-E137-47F3-ABBE-F98E2DBEF91C}.Release|Any CPU.ActiveCfg = Release|Any CPU
		{F4F3ABC7-E137-47F3-ABBE-F98E2DBEF91C}.Release|Any CPU.Build.0 = Release|Any CPU
		{F4F3ABC7-E137-47F3-ABBE-F98E2DBEF91C}.Release|x64.ActiveCfg = Release|Any CPU
		{F4F3ABC7-E137-47F3-ABBE-F98E2DBEF91C}.Release|x64.Build.0 = Release|Any CPU
		{F4F3ABC7-E137-47F3-ABBE-F98E2DBEF91C}.Release|x86.ActiveCfg = Release|Any CPU
		{F4F3ABC7-E137-47F3-ABBE-F98E2DBEF91C}.Release|x86.Build.0 = Release|Any CPU
		{C68BD6F6-B988-4054-87E3-47EF26EF0E79}.Debug|Any CPU.ActiveCfg = Debug|Any CPU
		{C68BD6F6-B988-4054-87E3-47EF26EF0E79}.Debug|Any CPU.Build.0 = Debug|Any CPU
		{C68BD6F6-B988-4054-87E3-47EF26EF0E79}.Debug|x64.ActiveCfg = Debug|Any CPU
		{C68BD6F6-B988-4054-87E3-47EF26EF0E79}.Debug|x64.Build.0 = Debug|Any CPU
		{C68BD6F6-B988-4054-87E3-47EF26EF0E79}.Debug|x86.ActiveCfg = Debug|Any CPU
		{C68BD6F6-B988-4054-87E3-47EF26EF0E79}.Debug|x86.Build.0 = Debug|Any CPU
		{C68BD6F6-B988-4054-87E3-47EF26EF0E79}.Release|Any CPU.ActiveCfg = Release|Any CPU
		{C68BD6F6-B988-4054-87E3-47EF26EF0E79}.Release|Any CPU.Build.0 = Release|Any CPU
		{C68BD6F6-B988-4054-87E3-47EF26EF0E79}.Release|x64.ActiveCfg = Release|Any CPU
		{C68BD6F6-B988-4054-87E3-47EF26EF0E79}.Release|x64.Build.0 = Release|Any CPU
		{C68BD6F6-B988-4054-87E3-47EF26EF0E79}.Release|x86.ActiveCfg = Release|Any CPU
		{C68BD6F6-B988-4054-87E3-47EF26EF0E79}.Release|x86.Build.0 = Release|Any CPU
		{F146A8DD-450C-4256-BDFE-C0DA5459FB90}.Debug|Any CPU.ActiveCfg = Debug|Any CPU
		{F146A8DD-450C-4256-BDFE-C0DA5459FB90}.Debug|Any CPU.Build.0 = Debug|Any CPU
		{F146A8DD-450C-4256-BDFE-C0DA5459FB90}.Debug|x64.ActiveCfg = Debug|Any CPU
		{F146A8DD-450C-4256-BDFE-C0DA5459FB90}.Debug|x64.Build.0 = Debug|Any CPU
		{F146A8DD-450C-4256-BDFE-C0DA5459FB90}.Debug|x86.ActiveCfg = Debug|Any CPU
		{F146A8DD-450C-4256-BDFE-C0DA5459FB90}.Debug|x86.Build.0 = Debug|Any CPU
		{F146A8DD-450C-4256-BDFE-C0DA5459FB90}.Release|Any CPU.ActiveCfg = Release|Any CPU
		{F146A8DD-450C-4256-BDFE-C0DA5459FB90}.Release|Any CPU.Build.0 = Release|Any CPU
		{F146A8DD-450C-4256-BDFE-C0DA5459FB90}.Release|x64.ActiveCfg = Release|Any CPU
		{F146A8DD-450C-4256-BDFE-C0DA5459FB90}.Release|x64.Build.0 = Release|Any CPU
		{F146A8DD-450C-4256-BDFE-C0DA5459FB90}.Release|x86.ActiveCfg = Release|Any CPU
		{F146A8DD-450C-4256-BDFE-C0DA5459FB90}.Release|x86.Build.0 = Release|Any CPU
		{B3703F0F-9342-48D4-8DE5-10F1DB77D812}.Debug|Any CPU.ActiveCfg = Debug|Any CPU
		{B3703F0F-9342-48D4-8DE5-10F1DB77D812}.Debug|Any CPU.Build.0 = Debug|Any CPU
		{B3703F0F-9342-48D4-8DE5-10F1DB77D812}.Debug|x64.ActiveCfg = Debug|Any CPU
		{B3703F0F-9342-48D4-8DE5-10F1DB77D812}.Debug|x64.Build.0 = Debug|Any CPU
		{B3703F0F-9342-48D4-8DE5-10F1DB77D812}.Debug|x86.ActiveCfg = Debug|Any CPU
		{B3703F0F-9342-48D4-8DE5-10F1DB77D812}.Debug|x86.Build.0 = Debug|Any CPU
		{B3703F0F-9342-48D4-8DE5-10F1DB77D812}.Release|Any CPU.ActiveCfg = Release|Any CPU
		{B3703F0F-9342-48D4-8DE5-10F1DB77D812}.Release|Any CPU.Build.0 = Release|Any CPU
		{B3703F0F-9342-48D4-8DE5-10F1DB77D812}.Release|x64.ActiveCfg = Release|Any CPU
		{B3703F0F-9342-48D4-8DE5-10F1DB77D812}.Release|x64.Build.0 = Release|Any CPU
		{B3703F0F-9342-48D4-8DE5-10F1DB77D812}.Release|x86.ActiveCfg = Release|Any CPU
		{B3703F0F-9342-48D4-8DE5-10F1DB77D812}.Release|x86.Build.0 = Release|Any CPU
		{3872D2F7-95B2-4878-A623-B059A9BB33E4}.Debug|Any CPU.ActiveCfg = Debug|Any CPU
		{3872D2F7-95B2-4878-A623-B059A9BB33E4}.Debug|Any CPU.Build.0 = Debug|Any CPU
		{3872D2F7-95B2-4878-A623-B059A9BB33E4}.Debug|x64.ActiveCfg = Debug|Any CPU
		{3872D2F7-95B2-4878-A623-B059A9BB33E4}.Debug|x64.Build.0 = Debug|Any CPU
		{3872D2F7-95B2-4878-A623-B059A9BB33E4}.Debug|x86.ActiveCfg = Debug|Any CPU
		{3872D2F7-95B2-4878-A623-B059A9BB33E4}.Debug|x86.Build.0 = Debug|Any CPU
		{3872D2F7-95B2-4878-A623-B059A9BB33E4}.Release|Any CPU.ActiveCfg = Release|Any CPU
		{3872D2F7-95B2-4878-A623-B059A9BB33E4}.Release|Any CPU.Build.0 = Release|Any CPU
		{3872D2F7-95B2-4878-A623-B059A9BB33E4}.Release|x64.ActiveCfg = Release|Any CPU
		{3872D2F7-95B2-4878-A623-B059A9BB33E4}.Release|x64.Build.0 = Release|Any CPU
		{3872D2F7-95B2-4878-A623-B059A9BB33E4}.Release|x86.ActiveCfg = Release|Any CPU
		{3872D2F7-95B2-4878-A623-B059A9BB33E4}.Release|x86.Build.0 = Release|Any CPU
		{310078DA-2301-465D-A698-01C802099EDA}.Debug|Any CPU.ActiveCfg = Debug|Any CPU
		{310078DA-2301-465D-A698-01C802099EDA}.Debug|Any CPU.Build.0 = Debug|Any CPU
		{310078DA-2301-465D-A698-01C802099EDA}.Debug|x64.ActiveCfg = Debug|Any CPU
		{310078DA-2301-465D-A698-01C802099EDA}.Debug|x64.Build.0 = Debug|Any CPU
		{310078DA-2301-465D-A698-01C802099EDA}.Debug|x86.ActiveCfg = Debug|Any CPU
		{310078DA-2301-465D-A698-01C802099EDA}.Debug|x86.Build.0 = Debug|Any CPU
		{310078DA-2301-465D-A698-01C802099EDA}.Release|Any CPU.ActiveCfg = Release|Any CPU
		{310078DA-2301-465D-A698-01C802099EDA}.Release|Any CPU.Build.0 = Release|Any CPU
		{310078DA-2301-465D-A698-01C802099EDA}.Release|x64.ActiveCfg = Release|Any CPU
		{310078DA-2301-465D-A698-01C802099EDA}.Release|x64.Build.0 = Release|Any CPU
		{310078DA-2301-465D-A698-01C802099EDA}.Release|x86.ActiveCfg = Release|Any CPU
		{310078DA-2301-465D-A698-01C802099EDA}.Release|x86.Build.0 = Release|Any CPU
		{CF0A286F-4C63-43AA-8D8F-C79245EFB7BF}.Debug|Any CPU.ActiveCfg = Debug|Any CPU
		{CF0A286F-4C63-43AA-8D8F-C79245EFB7BF}.Debug|Any CPU.Build.0 = Debug|Any CPU
		{CF0A286F-4C63-43AA-8D8F-C79245EFB7BF}.Debug|x64.ActiveCfg = Debug|Any CPU
		{CF0A286F-4C63-43AA-8D8F-C79245EFB7BF}.Debug|x64.Build.0 = Debug|Any CPU
		{CF0A286F-4C63-43AA-8D8F-C79245EFB7BF}.Debug|x86.ActiveCfg = Debug|Any CPU
		{CF0A286F-4C63-43AA-8D8F-C79245EFB7BF}.Debug|x86.Build.0 = Debug|Any CPU
		{CF0A286F-4C63-43AA-8D8F-C79245EFB7BF}.Release|Any CPU.ActiveCfg = Release|Any CPU
		{CF0A286F-4C63-43AA-8D8F-C79245EFB7BF}.Release|Any CPU.Build.0 = Release|Any CPU
		{CF0A286F-4C63-43AA-8D8F-C79245EFB7BF}.Release|x64.ActiveCfg = Release|Any CPU
		{CF0A286F-4C63-43AA-8D8F-C79245EFB7BF}.Release|x64.Build.0 = Release|Any CPU
		{CF0A286F-4C63-43AA-8D8F-C79245EFB7BF}.Release|x86.ActiveCfg = Release|Any CPU
		{CF0A286F-4C63-43AA-8D8F-C79245EFB7BF}.Release|x86.Build.0 = Release|Any CPU
	EndGlobalSection
	GlobalSection(SolutionProperties) = preSolution
		HideSolutionNode = FALSE
	EndGlobalSection
	GlobalSection(NestedProjects) = preSolution
		{F1FAE98C-634A-4130-A205-E09B3EE0DB43} = {5C497DA0-0547-49CE-8DBD-286C6A99A1F9}
		{CE041E8E-E3F9-4A80-AA5A-9C36D6B0A033} = {5C497DA0-0547-49CE-8DBD-286C6A99A1F9}
		{C3182169-AB4F-4A2B-A7AD-5AC417686A86} = {5C497DA0-0547-49CE-8DBD-286C6A99A1F9}
		{815343D9-A34B-4742-9306-D29F915A7F04} = {5C497DA0-0547-49CE-8DBD-286C6A99A1F9}
		{4E14879A-E448-4C1D-9F20-DBAD443D5D6E} = {5C497DA0-0547-49CE-8DBD-286C6A99A1F9}
		{8492FF6B-365D-4B73-A500-A92A4FCA5BCC} = {5C497DA0-0547-49CE-8DBD-286C6A99A1F9}
		{559D083C-0EDC-46EC-BA27-A7B6EA560362} = {B635D266-25F5-4F25-81AA-F2AEF9D5FB78}
		{CABEB50D-CD66-437E-A8AD-2351A490CB6B} = {5C497DA0-0547-49CE-8DBD-286C6A99A1F9}
		{5D53BB8E-F642-4561-804B-AFFFE5564DF8} = {4625C476-D8A3-464A-B823-61799D357D30}
		{4625C476-D8A3-464A-B823-61799D357D30} = {5C497DA0-0547-49CE-8DBD-286C6A99A1F9}
		{01B03B00-9743-440F-A043-4F62C77C94D9} = {9F1ABC28-E158-4F6D-9131-0E5D107F709B}
		{8F281CAE-2F0C-4039-9956-B24EB90D85DD} = {B635D266-25F5-4F25-81AA-F2AEF9D5FB78}
		{57E53FD9-955E-4B17-AC6A-F89168BBC338} = {5C497DA0-0547-49CE-8DBD-286C6A99A1F9}
		{F4F3ABC7-E137-47F3-ABBE-F98E2DBEF91C} = {B635D266-25F5-4F25-81AA-F2AEF9D5FB78}
		{C68BD6F6-B988-4054-87E3-47EF26EF0E79} = {5C497DA0-0547-49CE-8DBD-286C6A99A1F9}
		{F146A8DD-450C-4256-BDFE-C0DA5459FB90} = {4625C476-D8A3-464A-B823-61799D357D30}
		{B3703F0F-9342-48D4-8DE5-10F1DB77D812} = {4625C476-D8A3-464A-B823-61799D357D30}
		{3872D2F7-95B2-4878-A623-B059A9BB33E4} = {922CD1C0-F547-4CFF-897E-F7A05730D687}
		{922CD1C0-F547-4CFF-897E-F7A05730D687} = {5C497DA0-0547-49CE-8DBD-286C6A99A1F9}
		{9F1ABC28-E158-4F6D-9131-0E5D107F709B} = {5C497DA0-0547-49CE-8DBD-286C6A99A1F9}
		{310078DA-2301-465D-A698-01C802099EDA} = {5C497DA0-0547-49CE-8DBD-286C6A99A1F9}
		{CF0A286F-4C63-43AA-8D8F-C79245EFB7BF} = {B635D266-25F5-4F25-81AA-F2AEF9D5FB78}
	EndGlobalSection
	GlobalSection(ExtensibilityGlobals) = postSolution
		SolutionGuid = {05E25C7C-A0AF-4725-8C39-05F6A67D7A32}
	EndGlobalSection
EndGlobal
